
Microsoft Visual Studio Solution File, Format Version 12.00
# Visual Studio 15
VisualStudioVersion = 15.0.27703.2026
MinimumVisualStudioVersion = 10.0.40219.1
Project("{FAE04EC0-301F-11D3-BF4B-00C04F79EFBC}") = "SuperBot", "SuperBot\SuperBot.csproj", "{627C7C45-7B0C-400F-95D0-FC4165B80061}"
EndProject
Global
	GlobalSection(SolutionConfigurationPlatforms) = preSolution
		Debug|Any CPU = Debug|Any CPU
		Release|Any CPU = Release|Any CPU
	EndGlobalSection
	GlobalSection(ProjectConfigurationPlatforms) = postSolution
		{627C7C45-7B0C-400F-95D0-FC4165B80061}.Debug|Any CPU.ActiveCfg = Debug|Any CPU
		{627C7C45-7B0C-400F-95D0-FC4165B80061}.Debug|Any CPU.Build.0 = Debug|Any CPU
		{627C7C45-7B0C-400F-95D0-FC4165B80061}.Release|Any CPU.ActiveCfg = Release|Any CPU
		{627C7C45-7B0C-400F-95D0-FC4165B80061}.Release|Any CPU.Build.0 = Release|Any CPU
	EndGlobalSection
	GlobalSection(SolutionProperties) = preSolution
		HideSolutionNode = FALSE
	EndGlobalSection
	GlobalSection(ExtensibilityGlobals) = postSolution
		SolutionGuid = {E992F2AA-9F34-4BC8-B13B-1F5B0FF6DA57}
	EndGlobalSection
EndGlobal
